
Microsoft Visual Studio Solution File, Format Version 12.00
# Visual Studio Version 16
VisualStudioVersion = 16.0.29001.49
MinimumVisualStudioVersion = 10.0.40219.1
Project("{9A19103F-16F7-4668-BE54-9A1E7A4F7556}") = "ZoEazy.Api.Model", "ZoEazy.Api.Model\ZoEazy.Api.Model.csproj", "{C0BF22B3-F4D4-466A-B4D3-3E13C1B19B0C}"
EndProject
Project("{9A19103F-16F7-4668-BE54-9A1E7A4F7556}") = "ZoEazy.Api.Data", "ZoEazy.Api.Data\ZoEazy.Api.Data.csproj", "{D0177F04-40C2-4D0F-93DF-0F887C858BF9}"
EndProject
Project("{9A19103F-16F7-4668-BE54-9A1E7A4F7556}") = "ZoEazy.Api.Init", "ZoEazy.Api.Init\ZoEazy.Api.Init.csproj", "{8D359811-1865-43BB-8992-BC084C2721D5}"
EndProject
Project("{9A19103F-16F7-4668-BE54-9A1E7A4F7556}") = "ZoEazy.Api.Helpers", "ZoEazy.Api.Helpers\ZoEazy.Api.Helpers.csproj", "{A7D0BB05-8DE6-460A-BF1D-6242DC6EE437}"
EndProject
Project("{9A19103F-16F7-4668-BE54-9A1E7A4F7556}") = "ZoEazy.Api.STS", "ZoEazy.Api.STS\ZoEazy.Api.STS.csproj", "{ABC1A89F-96D8-4B87-AB25-7B0A5E89B2C3}"
EndProject
Global
	GlobalSection(SolutionConfigurationPlatforms) = preSolution
		Debug|Any CPU = Debug|Any CPU
		Release|Any CPU = Release|Any CPU
	EndGlobalSection
	GlobalSection(ProjectConfigurationPlatforms) = postSolution
		{C0BF22B3-F4D4-466A-B4D3-3E13C1B19B0C}.Debug|Any CPU.ActiveCfg = Debug|Any CPU
		{C0BF22B3-F4D4-466A-B4D3-3E13C1B19B0C}.Debug|Any CPU.Build.0 = Debug|Any CPU
		{C0BF22B3-F4D4-466A-B4D3-3E13C1B19B0C}.Release|Any CPU.ActiveCfg = Release|Any CPU
		{C0BF22B3-F4D4-466A-B4D3-3E13C1B19B0C}.Release|Any CPU.Build.0 = Release|Any CPU
		{D0177F04-40C2-4D0F-93DF-0F887C858BF9}.Debug|Any CPU.ActiveCfg = Debug|Any CPU
		{D0177F04-40C2-4D0F-93DF-0F887C858BF9}.Debug|Any CPU.Build.0 = Debug|Any CPU
		{D0177F04-40C2-4D0F-93DF-0F887C858BF9}.Release|Any CPU.ActiveCfg = Release|Any CPU
		{D0177F04-40C2-4D0F-93DF-0F887C858BF9}.Release|Any CPU.Build.0 = Release|Any CPU
		{8D359811-1865-43BB-8992-BC084C2721D5}.Debug|Any CPU.ActiveCfg = Debug|Any CPU
		{8D359811-1865-43BB-8992-BC084C2721D5}.Debug|Any CPU.Build.0 = Debug|Any CPU
		{8D359811-1865-43BB-8992-BC084C2721D5}.Release|Any CPU.ActiveCfg = Release|Any CPU
		{8D359811-1865-43BB-8992-BC084C2721D5}.Release|Any CPU.Build.0 = Release|Any CPU
		{A7D0BB05-8DE6-460A-BF1D-6242DC6EE437}.Debug|Any CPU.ActiveCfg = Debug|Any CPU
		{A7D0BB05-8DE6-460A-BF1D-6242DC6EE437}.Debug|Any CPU.Build.0 = Debug|Any CPU
		{A7D0BB05-8DE6-460A-BF1D-6242DC6EE437}.Release|Any CPU.ActiveCfg = Release|Any CPU
		{A7D0BB05-8DE6-460A-BF1D-6242DC6EE437}.Release|Any CPU.Build.0 = Release|Any CPU
		{ABC1A89F-96D8-4B87-AB25-7B0A5E89B2C3}.Debug|Any CPU.ActiveCfg = Debug|Any CPU
		{ABC1A89F-96D8-4B87-AB25-7B0A5E89B2C3}.Debug|Any CPU.Build.0 = Debug|Any CPU
		{ABC1A89F-96D8-4B87-AB25-7B0A5E89B2C3}.Release|Any CPU.ActiveCfg = Release|Any CPU
		{ABC1A89F-96D8-4B87-AB25-7B0A5E89B2C3}.Release|Any CPU.Build.0 = Release|Any CPU
	EndGlobalSection
	GlobalSection(SolutionProperties) = preSolution
		HideSolutionNode = FALSE
	EndGlobalSection
	GlobalSection(ExtensibilityGlobals) = postSolution
		SolutionGuid = {F81F48AD-3D97-4C30-B0EA-AA1C4C562D1E}
	EndGlobalSection
EndGlobal
